
Microsoft Visual Studio Solution File, Format Version 12.00
# Visual Studio Version 17
VisualStudioVersion = 17.14.37411.7 d17.14
MinimumVisualStudioVersion = 10.0.40219.1
Project("{FAE04EC0-301F-11D3-BF4B-00C04F79EFBC}") = "OperadoresCsharp", "OperadoresCsharp\OperadoresCsharp.csproj", "{DD6C8FE3-92F6-41AE-98BF-5CE64F2C0399}"
EndProject
Global
	GlobalSection(SolutionConfigurationPlatforms) = preSolution
		Debug|Any CPU = Debug|Any CPU
		Release|Any CPU = Release|Any CPU
	EndGlobalSection
	GlobalSection(ProjectConfigurationPlatforms) = postSolution
		{DD6C8FE3-92F6-41AE-98BF-5CE64F2C0399}.Debug|Any CPU.ActiveCfg = Debug|Any CPU
		{DD6C8FE3-92F6-41AE-98BF-5CE64F2C0399}.Debug|Any CPU.Build.0 = Debug|Any CPU
		{DD6C8FE3-92F6-41AE-98BF-5CE64F2C0399}.Release|Any CPU.ActiveCfg = Release|Any CPU
		{DD6C8FE3-92F6-41AE-98BF-5CE64F2C0399}.Release|Any CPU.Build.0 = Release|Any CPU
	EndGlobalSection
	GlobalSection(SolutionProperties) = preSolution
		HideSolutionNode = FALSE
	EndGlobalSection
	GlobalSection(ExtensibilityGlobals) = postSolution
		SolutionGuid = {62656226-567D-4E25-A2D3-3EF7CF2A2230}
	EndGlobalSection
EndGlobal
